// !$*UTF8*$!
{
	archiveVersion = 1;
	classes = {
	};
	objectVersion = 46;
	objects = {

/* Begin PBXBuildFile section */
		C9A4BC1A19C967F9002A89D9 /* Eevee452A.cpp in Sources */ = {isa = PBXBuildFile; fileRef = C9A4BC1919C967F9002A89D9 /* Eevee452A.cpp */; };
		C9A4BC1C19CDB2A1002A89D9 /* WannaBeTheGuy.cpp in Sources */ = {isa = PBXBuildFile; fileRef = C9A4BC1B19CDB2A1002A89D9 /* WannaBeTheGuy.cpp */; };
		C9A4BC1E19CDB96A002A89D9 /* Game24.cpp in Sources */ = {isa = PBXBuildFile; fileRef = C9A4BC1D19CDB96A002A89D9 /* Game24.cpp */; };
		C9E1246819C18824002D2885 /* translate41A.cpp in Sources */ = {isa = PBXBuildFile; fileRef = C9E1246719C18824002D2885 /* translate41A.cpp */; };
		C9E1246A19C268DE002D2885 /* Socks460A.cpp in Sources */ = {isa = PBXBuildFile; fileRef = C9E1246919C268DE002D2885 /* Socks460A.cpp */; };
		C9E1246C19C27622002D2885 /* Puzzle377A.cpp in Sources */ = {isa = PBXBuildFile; fileRef = C9E1246B19C27622002D2885 /* Puzzle377A.cpp */; };
		C9E1246E19C30880002D2885 /* FlipGame327A.cpp in Sources */ = {isa = PBXBuildFile; fileRef = C9E1246D19C30880002D2885 /* FlipGame327A.cpp */; };
		C9E1247019C3B825002D2885 /* CheapTravel466A.cpp in Sources */ = {isa = PBXBuildFile; fileRef = C9E1246F19C3B825002D2885 /* CheapTravel466A.cpp */; };
		C9E2FD9519DE195B0001BB1A /* TeXQuote.cpp in Sources */ = {isa = PBXBuildFile; fileRef = C9E2FD9419DE195B0001BB1A /* TeXQuote.cpp */; };
		C9E7404819D5BF8600CB4525 /* MuhAndSticksA.cpp in Sources */ = {isa = PBXBuildFile; fileRef = C9E7404719D5BF8600CB4525 /* MuhAndSticksA.cpp */; };
		C9E7404A19D5C5EF00CB4525 /* MuhAndImportantThingsB.cpp in Sources */ = {isa = PBXBuildFile; fileRef = C9E7404919D5C5EF00CB4525 /* MuhAndImportantThingsB.cpp */; };
		C9F2CEBD19C3FE7B009A2773 /* Pelisection17E.cpp in Sources */ = {isa = PBXBuildFile; fileRef = C9F2CEBC19C3FE7B009A2773 /* Pelisection17E.cpp */; };
		C9F2CEBF19C411DF009A2773 /* Football43A.cpp in Sources */ = {isa = PBXBuildFile; fileRef = C9F2CEBE19C411DF009A2773 /* Football43A.cpp */; };
		C9F2CEC119C41E67009A2773 /* MartianString149E.cpp in Sources */ = {isa = PBXBuildFile; fileRef = C9F2CEC019C41E67009A2773 /* MartianString149E.cpp */; };
		C9F2CEC419C4CE4F009A2773 /* TwoStrings223B.cpp in Sources */ = {isa = PBXBuildFile; fileRef = C9F2CEC319C4CE4F009A2773 /* TwoStrings223B.cpp */; };
		C9F2CED019C5638A009A2773 /* Panctuation147A.cpp in Sources */ = {isa = PBXBuildFile; fileRef = C9F2CECF19C5638A009A2773 /* Panctuation147A.cpp */; };
		C9F2CED219C65675009A2773 /* SequenceFormatting81B.cpp in Sources */ = {isa = PBXBuildFile; fileRef = C9F2CED119C65675009A2773 /* SequenceFormatting81B.cpp */; };
		C9F2CEE419C798CD009A2773 /* PetyaAndStrings112A.cpp in Sources */ = {isa = PBXBuildFile; fileRef = C9F2CEE319C798CD009A2773 /* PetyaAndStrings112A.cpp */; };
		C9F2CEE619C81A2F009A2773 /* KString219A.cpp in Sources */ = {isa = PBXBuildFile; fileRef = C9F2CEE519C81A2F009A2773 /* KString219A.cpp */; };
		C9F2CEE819C824D2009A2773 /* GnikoolSsalg130B.cpp in Sources */ = {isa = PBXBuildFile; fileRef = C9F2CEE719C824D2009A2773 /* GnikoolSsalg130B.cpp */; };
		C9F2CEEE19C8FB68009A2773 /* Dubstep208B.cpp in Sources */ = {isa = PBXBuildFile; fileRef = C9F2CEED19C8FB68009A2773 /* Dubstep208B.cpp */; };
		C9F2CEF019C903D1009A2773 /* Chatroom58A.cpp in Sources */ = {isa = PBXBuildFile; fileRef = C9F2CEEF19C903D1009A2773 /* Chatroom58A.cpp */; };
		C9F2CEF219CA8F20009A2773 /* HKAshtonAndStrings.cpp in Sources */ = {isa = PBXBuildFile; fileRef = C9F2CEF119CA8F20009A2773 /* HKAshtonAndStrings.cpp */; };
		C9F2CEF419CAF769009A2773 /* PinProblem.cpp in Sources */ = {isa = PBXBuildFile; fileRef = C9F2CEF319CAF769009A2773 /* PinProblem.cpp */; };
		C9F2CEF619CAFFAA009A2773 /* Pangrams.cpp in Sources */ = {isa = PBXBuildFile; fileRef = C9F2CEF519CAFFAA009A2773 /* Pangrams.cpp */; };
		C9F2CEF819CBA789009A2773 /* HKCommonChild.cpp in Sources */ = {isa = PBXBuildFile; fileRef = C9F2CEF719CBA789009A2773 /* HKCommonChild.cpp */; };
/* End PBXBuildFile section */

/* Begin PBXCopyFilesBuildPhase section */
		C952440D19BE62D2005E6DC4 /* CopyFiles */ = {
			isa = PBXCopyFilesBuildPhase;
			buildActionMask = 2147483647;
			dstPath = /usr/share/man/man1/;
			dstSubfolderSpec = 0;
			files = (
			);
			runOnlyForDeploymentPostprocessing = 1;
		};
/* End PBXCopyFilesBuildPhase section */

/* Begin PBXFileReference section */
		C952440F19BE62D2005E6DC4 /* Codeforces */ = {isa = PBXFileReference; explicitFileType = "compiled.mach-o.executable"; includeInIndex = 0; path = Codeforces; sourceTree = BUILT_PRODUCTS_DIR; };
		C9A4BC1919C967F9002A89D9 /* Eevee452A.cpp */ = {isa = PBXFileReference; fileEncoding = 4; lastKnownFileType = sourcecode.cpp.cpp; path = Eevee452A.cpp; sourceTree = "<group>"; };
		C9A4BC1B19CDB2A1002A89D9 /* WannaBeTheGuy.cpp */ = {isa = PBXFileReference; fileEncoding = 4; lastKnownFileType = sourcecode.cpp.cpp; path = WannaBeTheGuy.cpp; sourceTree = "<group>"; };
		C9A4BC1D19CDB96A002A89D9 /* Game24.cpp */ = {isa = PBXFileReference; fileEncoding = 4; lastKnownFileType = sourcecode.cpp.cpp; path = Game24.cpp; sourceTree = "<group>"; };
		C9E1246619C187D1002D2885 /* input.txt */ = {isa = PBXFileReference; fileEncoding = 4; lastKnownFileType = text; path = input.txt; sourceTree = "<group>"; };
		C9E1246719C18824002D2885 /* translate41A.cpp */ = {isa = PBXFileReference; fileEncoding = 4; lastKnownFileType = sourcecode.cpp.cpp; path = translate41A.cpp; sourceTree = "<group>"; };
		C9E1246919C268DE002D2885 /* Socks460A.cpp */ = {isa = PBXFileReference; fileEncoding = 4; lastKnownFileType = sourcecode.cpp.cpp; path = Socks460A.cpp; sourceTree = "<group>"; };
		C9E1246B19C27622002D2885 /* Puzzle377A.cpp */ = {isa = PBXFileReference; fileEncoding = 4; lastKnownFileType = sourcecode.cpp.cpp; path = Puzzle377A.cpp; sourceTree = "<group>"; };
		C9E1246D19C30880002D2885 /* FlipGame327A.cpp */ = {isa = PBXFileReference; fileEncoding = 4; lastKnownFileType = sourcecode.cpp.cpp; path = FlipGame327A.cpp; sourceTree = "<group>"; };
		C9E1246F19C3B825002D2885 /* CheapTravel466A.cpp */ = {isa = PBXFileReference; fileEncoding = 4; lastKnownFileType = sourcecode.cpp.cpp; path = CheapTravel466A.cpp; sourceTree = "<group>"; };
		C9E2FD9419DE195B0001BB1A /* TeXQuote.cpp */ = {isa = PBXFileReference; fileEncoding = 4; lastKnownFileType = sourcecode.cpp.cpp; path = TeXQuote.cpp; sourceTree = "<group>"; };
		C9E7404719D5BF8600CB4525 /* MuhAndSticksA.cpp */ = {isa = PBXFileReference; fileEncoding = 4; lastKnownFileType = sourcecode.cpp.cpp; path = MuhAndSticksA.cpp; sourceTree = "<group>"; };
		C9E7404919D5C5EF00CB4525 /* MuhAndImportantThingsB.cpp */ = {isa = PBXFileReference; fileEncoding = 4; lastKnownFileType = sourcecode.cpp.cpp; path = MuhAndImportantThingsB.cpp; sourceTree = "<group>"; };
		C9F2CEBC19C3FE7B009A2773 /* Pelisection17E.cpp */ = {isa = PBXFileReference; fileEncoding = 4; lastKnownFileType = sourcecode.cpp.cpp; path = Pelisection17E.cpp; sourceTree = "<group>"; };
		C9F2CEBE19C411DF009A2773 /* Football43A.cpp */ = {isa = PBXFileReference; fileEncoding = 4; lastKnownFileType = sourcecode.cpp.cpp; path = Football43A.cpp; sourceTree = "<group>"; };
		C9F2CEC019C41E67009A2773 /* MartianString149E.cpp */ = {isa = PBXFileReference; fileEncoding = 4; lastKnownFileType = sourcecode.cpp.cpp; path = MartianString149E.cpp; sourceTree = "<group>"; };
		C9F2CEC319C4CE4F009A2773 /* TwoStrings223B.cpp */ = {isa = PBXFileReference; fileEncoding = 4; lastKnownFileType = sourcecode.cpp.cpp; path = TwoStrings223B.cpp; sourceTree = "<group>"; };
		C9F2CECF19C5638A009A2773 /* Panctuation147A.cpp */ = {isa = PBXFileReference; fileEncoding = 4; lastKnownFileType = sourcecode.cpp.cpp; path = Panctuation147A.cpp; sourceTree = "<group>"; };
		C9F2CED119C65675009A2773 /* SequenceFormatting81B.cpp */ = {isa = PBXFileReference; fileEncoding = 4; lastKnownFileType = sourcecode.cpp.cpp; path = SequenceFormatting81B.cpp; sourceTree = "<group>"; };
		C9F2CEE319C798CD009A2773 /* PetyaAndStrings112A.cpp */ = {isa = PBXFileReference; fileEncoding = 4; lastKnownFileType = sourcecode.cpp.cpp; path = PetyaAndStrings112A.cpp; sourceTree = "<group>"; };
		C9F2CEE519C81A2F009A2773 /* KString219A.cpp */ = {isa = PBXFileReference; fileEncoding = 4; lastKnownFileType = sourcecode.cpp.cpp; path = KString219A.cpp; sourceTree = "<group>"; };
		C9F2CEE719C824D2009A2773 /* GnikoolSsalg130B.cpp */ = {isa = PBXFileReference; fileEncoding = 4; lastKnownFileType = sourcecode.cpp.cpp; path = GnikoolSsalg130B.cpp; sourceTree = "<group>"; };
		C9F2CEED19C8FB68009A2773 /* Dubstep208B.cpp */ = {isa = PBXFileReference; fileEncoding = 4; lastKnownFileType = sourcecode.cpp.cpp; path = Dubstep208B.cpp; sourceTree = "<group>"; };
		C9F2CEEF19C903D1009A2773 /* Chatroom58A.cpp */ = {isa = PBXFileReference; fileEncoding = 4; lastKnownFileType = sourcecode.cpp.cpp; path = Chatroom58A.cpp; sourceTree = "<group>"; };
		C9F2CEF119CA8F20009A2773 /* HKAshtonAndStrings.cpp */ = {isa = PBXFileReference; fileEncoding = 4; lastKnownFileType = sourcecode.cpp.cpp; path = HKAshtonAndStrings.cpp; sourceTree = "<group>"; };
		C9F2CEF319CAF769009A2773 /* PinProblem.cpp */ = {isa = PBXFileReference; fileEncoding = 4; lastKnownFileType = sourcecode.cpp.cpp; path = PinProblem.cpp; sourceTree = "<group>"; };
		C9F2CEF519CAFFAA009A2773 /* Pangrams.cpp */ = {isa = PBXFileReference; fileEncoding = 4; lastKnownFileType = sourcecode.cpp.cpp; path = Pangrams.cpp; sourceTree = "<group>"; };
		C9F2CEF719CBA789009A2773 /* HKCommonChild.cpp */ = {isa = PBXFileReference; fileEncoding = 4; lastKnownFileType = sourcecode.cpp.cpp; path = HKCommonChild.cpp; sourceTree = "<group>"; };
/* End PBXFileReference section */

/* Begin PBXFrameworksBuildPhase section */
		C952440C19BE62D2005E6DC4 /* Frameworks */ = {
			isa = PBXFrameworksBuildPhase;
			buildActionMask = 2147483647;
			files = (
			);
			runOnlyForDeploymentPostprocessing = 0;
		};
/* End PBXFrameworksBuildPhase section */

/* Begin PBXGroup section */
		C952440619BE62D2005E6DC4 = {
			isa = PBXGroup;
			children = (
				C952441119BE62D2005E6DC4 /* Codeforces */,
				C952441019BE62D2005E6DC4 /* Products */,
			);
			sourceTree = "<group>";
		};
		C952441019BE62D2005E6DC4 /* Products */ = {
			isa = PBXGroup;
			children = (
				C952440F19BE62D2005E6DC4 /* Codeforces */,
			);
			name = Products;
			sourceTree = "<group>";
		};
		C952441119BE62D2005E6DC4 /* Codeforces */ = {
			isa = PBXGroup;
			children = (
				C9E2FD9419DE195B0001BB1A /* TeXQuote.cpp */,
				C9E7404919D5C5EF00CB4525 /* MuhAndImportantThingsB.cpp */,
				C9E7404719D5BF8600CB4525 /* MuhAndSticksA.cpp */,
				C9A4BC1D19CDB96A002A89D9 /* Game24.cpp */,
				C9A4BC1B19CDB2A1002A89D9 /* WannaBeTheGuy.cpp */,
				C9F2CEF719CBA789009A2773 /* HKCommonChild.cpp */,
				C9F2CEF519CAFFAA009A2773 /* Pangrams.cpp */,
				C9F2CEF319CAF769009A2773 /* PinProblem.cpp */,
				C9F2CEF119CA8F20009A2773 /* HKAshtonAndStrings.cpp */,
				C9A4BC1919C967F9002A89D9 /* Eevee452A.cpp */,
				C9F2CEEF19C903D1009A2773 /* Chatroom58A.cpp */,
				C9F2CEED19C8FB68009A2773 /* Dubstep208B.cpp */,
				C9F2CEE719C824D2009A2773 /* GnikoolSsalg130B.cpp */,
				C9F2CEE519C81A2F009A2773 /* KString219A.cpp */,
				C9F2CEE319C798CD009A2773 /* PetyaAndStrings112A.cpp */,
				C9F2CED119C65675009A2773 /* SequenceFormatting81B.cpp */,
				C9F2CECF19C5638A009A2773 /* Panctuation147A.cpp */,
				C9F2CEC319C4CE4F009A2773 /* TwoStrings223B.cpp */,
				C9F2CEC019C41E67009A2773 /* MartianString149E.cpp */,
				C9F2CEBE19C411DF009A2773 /* Football43A.cpp */,
				C9F2CEBC19C3FE7B009A2773 /* Pelisection17E.cpp */,
				C9E1246F19C3B825002D2885 /* CheapTravel466A.cpp */,
				C9E1246D19C30880002D2885 /* FlipGame327A.cpp */,
				C9E1246B19C27622002D2885 /* Puzzle377A.cpp */,
				C9E1246919C268DE002D2885 /* Socks460A.cpp */,
				C9E1246719C18824002D2885 /* translate41A.cpp */,
				C9E1246619C187D1002D2885 /* input.txt */,
			);
			path = Codeforces;
			sourceTree = "<group>";
		};
/* End PBXGroup section */

/* Begin PBXNativeTarget section */
		C952440E19BE62D2005E6DC4 /* Codeforces */ = {
			isa = PBXNativeTarget;
			buildConfigurationList = C952441819BE62D2005E6DC4 /* Build configuration list for PBXNativeTarget "Codeforces" */;
			buildPhases = (
				C952440B19BE62D2005E6DC4 /* Sources */,
				C952440C19BE62D2005E6DC4 /* Frameworks */,
				C952440D19BE62D2005E6DC4 /* CopyFiles */,
			);
			buildRules = (
			);
			dependencies = (
			);
			name = Codeforces;
			productName = Codeforces;
			productReference = C952440F19BE62D2005E6DC4 /* Codeforces */;
			productType = "com.apple.product-type.tool";
		};
/* End PBXNativeTarget section */

/* Begin PBXProject section */
		C952440719BE62D2005E6DC4 /* Project object */ = {
			isa = PBXProject;
			attributes = {
				LastUpgradeCheck = 0510;
				ORGANIZATIONNAME = "Vishal Patel";
			};
			buildConfigurationList = C952440A19BE62D2005E6DC4 /* Build configuration list for PBXProject "Codeforces" */;
			compatibilityVersion = "Xcode 3.2";
			developmentRegion = English;
			hasScannedForEncodings = 0;
			knownRegions = (
				en,
			);
			mainGroup = C952440619BE62D2005E6DC4;
			productRefGroup = C952441019BE62D2005E6DC4 /* Products */;
			projectDirPath = "";
			projectRoot = "";
			targets = (
				C952440E19BE62D2005E6DC4 /* Codeforces */,
			);
		};
/* End PBXProject section */

/* Begin PBXSourcesBuildPhase section */
		C952440B19BE62D2005E6DC4 /* Sources */ = {
			isa = PBXSourcesBuildPhase;
			buildActionMask = 2147483647;
			files = (
				C9E1246C19C27622002D2885 /* Puzzle377A.cpp in Sources */,
				C9E7404A19D5C5EF00CB4525 /* MuhAndImportantThingsB.cpp in Sources */,
				C9F2CEF819CBA789009A2773 /* HKCommonChild.cpp in Sources */,
				C9F2CEBF19C411DF009A2773 /* Football43A.cpp in Sources */,
				C9F2CEF619CAFFAA009A2773 /* Pangrams.cpp in Sources */,
				C9F2CEF219CA8F20009A2773 /* HKAshtonAndStrings.cpp in Sources */,
				C9F2CEEE19C8FB68009A2773 /* Dubstep208B.cpp in Sources */,
				C9F2CED219C65675009A2773 /* SequenceFormatting81B.cpp in Sources */,
				C9F2CEC419C4CE4F009A2773 /* TwoStrings223B.cpp in Sources */,
				C9E1246A19C268DE002D2885 /* Socks460A.cpp in Sources */,
				C9E7404819D5BF8600CB4525 /* MuhAndSticksA.cpp in Sources */,
				C9F2CEE419C798CD009A2773 /* PetyaAndStrings112A.cpp in Sources */,
				C9E1246819C18824002D2885 /* translate41A.cpp in Sources */,
				C9F2CEC119C41E67009A2773 /* MartianString149E.cpp in Sources */,
				C9E1246E19C30880002D2885 /* FlipGame327A.cpp in Sources */,
				C9E1247019C3B825002D2885 /* CheapTravel466A.cpp in Sources */,
				C9A4BC1A19C967F9002A89D9 /* Eevee452A.cpp in Sources */,
				C9A4BC1E19CDB96A002A89D9 /* Game24.cpp in Sources */,
				C9F2CEF419CAF769009A2773 /* PinProblem.cpp in Sources */,
				C9F2CEF019C903D1009A2773 /* Chatroom58A.cpp in Sources */,
				C9F2CEBD19C3FE7B009A2773 /* Pelisection17E.cpp in Sources */,
				C9A4BC1C19CDB2A1002A89D9 /* WannaBeTheGuy.cpp in Sources */,
				C9F2CED019C5638A009A2773 /* Panctuation147A.cpp in Sources */,
				C9F2CEE819C824D2009A2773 /* GnikoolSsalg130B.cpp in Sources */,
				C9E2FD9519DE195B0001BB1A /* TeXQuote.cpp in Sources */,
				C9F2CEE619C81A2F009A2773 /* KString219A.cpp in Sources */,
			);
			runOnlyForDeploymentPostprocessing = 0;
		};
/* End PBXSourcesBuildPhase section */

/* Begin XCBuildConfiguration section */
		C952441619BE62D2005E6DC4 /* Debug */ = {
			isa = XCBuildConfiguration;
			buildSettings = {
				ALWAYS_SEARCH_USER_PATHS = NO;
				CLANG_CXX_LANGUAGE_STANDARD = "gnu++0x";
				CLANG_CXX_LIBRARY = "libc++";
				CLANG_ENABLE_MODULES = YES;
				CLANG_ENABLE_OBJC_ARC = YES;
				CLANG_WARN_BOOL_CONVERSION = YES;
				CLANG_WARN_CONSTANT_CONVERSION = YES;
				CLANG_WARN_DIRECT_OBJC_ISA_USAGE = YES_ERROR;
				CLANG_WARN_EMPTY_BODY = YES;
				CLANG_WARN_ENUM_CONVERSION = YES;
				CLANG_WARN_INT_CONVERSION = YES;
				CLANG_WARN_OBJC_ROOT_CLASS = YES_ERROR;
				CLANG_WARN__DUPLICATE_METHOD_MATCH = YES;
				COPY_PHASE_STRIP = NO;
				GCC_C_LANGUAGE_STANDARD = gnu99;
				GCC_DYNAMIC_NO_PIC = NO;
				GCC_ENABLE_OBJC_EXCEPTIONS = YES;
				GCC_OPTIMIZATION_LEVEL = 0;
				GCC_PREPROCESSOR_DEFINITIONS = (
					"DEBUG=1",
					"$(inherited)",
				);
				GCC_SYMBOLS_PRIVATE_EXTERN = NO;
				GCC_WARN_64_TO_32_BIT_CONVERSION = YES;
				GCC_WARN_ABOUT_RETURN_TYPE = YES_ERROR;
				GCC_WARN_UNDECLARED_SELECTOR = YES;
				GCC_WARN_UNINITIALIZED_AUTOS = YES_AGGRESSIVE;
				GCC_WARN_UNUSED_FUNCTION = YES;
				GCC_WARN_UNUSED_VARIABLE = YES;
				MACOSX_DEPLOYMENT_TARGET = 10.9;
				ONLY_ACTIVE_ARCH = YES;
				SDKROOT = macosx;
			};
			name = Debug;
		};
		C952441719BE62D2005E6DC4 /* Release */ = {
			isa = XCBuildConfiguration;
			buildSettings = {
				ALWAYS_SEARCH_USER_PATHS = NO;
				CLANG_CXX_LANGUAGE_STANDARD = "gnu++0x";
				CLANG_CXX_LIBRARY = "libc++";
				CLANG_ENABLE_MODULES = YES;
				CLANG_ENABLE_OBJC_ARC = YES;
				CLANG_WARN_BOOL_CONVERSION = YES;
				CLANG_WARN_CONSTANT_CONVERSION = YES;
				CLANG_WARN_DIRECT_OBJC_ISA_USAGE = YES_ERROR;
				CLANG_WARN_EMPTY_BODY = YES;
				CLANG_WARN_ENUM_CONVERSION = YES;
				CLANG_WARN_INT_CONVERSION = YES;
				CLANG_WARN_OBJC_ROOT_CLASS = YES_ERROR;
				CLANG_WARN__DUPLICATE_METHOD_MATCH = YES;
				COPY_PHASE_STRIP = YES;
				DEBUG_INFORMATION_FORMAT = "dwarf-with-dsym";
				ENABLE_NS_ASSERTIONS = NO;
				GCC_C_LANGUAGE_STANDARD = gnu99;
				GCC_ENABLE_OBJC_EXCEPTIONS = YES;
				GCC_WARN_64_TO_32_BIT_CONVERSION = YES;
				GCC_WARN_ABOUT_RETURN_TYPE = YES_ERROR;
				GCC_WARN_UNDECLARED_SELECTOR = YES;
				GCC_WARN_UNINITIALIZED_AUTOS = YES_AGGRESSIVE;
				GCC_WARN_UNUSED_FUNCTION = YES;
				GCC_WARN_UNUSED_VARIABLE = YES;
				MACOSX_DEPLOYMENT_TARGET = 10.9;
				SDKROOT = macosx;
			};
			name = Release;
		};
		C952441919BE62D2005E6DC4 /* Debug */ = {
			isa = XCBuildConfiguration;
			buildSettings = {
				PRODUCT_NAME = "$(TARGET_NAME)";
			};
			name = Debug;
		};
		C952441A19BE62D2005E6DC4 /* Release */ = {
			isa = XCBuildConfiguration;
			buildSettings = {
				PRODUCT_NAME = "$(TARGET_NAME)";
			};
			name = Release;
		};
/* End XCBuildConfiguration section */

/* Begin XCConfigurationList section */
		C952440A19BE62D2005E6DC4 /* Build configuration list for PBXProject "Codeforces" */ = {
			isa = XCConfigurationList;
			buildConfigurations = (
				C952441619BE62D2005E6DC4 /* Debug */,
				C952441719BE62D2005E6DC4 /* Release */,
			);
			defaultConfigurationIsVisible = 0;
			defaultConfigurationName = Release;
		};
		C952441819BE62D2005E6DC4 /* Build configuration list for PBXNativeTarget "Codeforces" */ = {
			isa = XCConfigurationList;
			buildConfigurations = (
				C952441919BE62D2005E6DC4 /* Debug */,
				C952441A19BE62D2005E6DC4 /* Release */,
			);
			defaultConfigurationIsVisible = 0;
			defaultConfigurationName = Release;
		};
/* End XCConfigurationList section */
	};
	rootObject = C952440719BE62D2005E6DC4 /* Project object */;
}
