// !$*UTF8*$!
{
	archiveVersion = 1;
	classes = {
	};
	objectVersion = 46;
	objects = {

/* Begin PBXBuildFile section */
		C90E855A1A0C4621003033B6 /* uva167.cpp in Sources */ = {isa = PBXBuildFile; fileRef = C90E85591A0C4621003033B6 /* uva167.cpp */; };
		C90E85631A0C8813003033B6 /* uva11988.cpp in Sources */ = {isa = PBXBuildFile; fileRef = C90E85621A0C8813003033B6 /* uva11988.cpp */; };
		C915B8551A0741C50025D16B /* uva414.cpp in Sources */ = {isa = PBXBuildFile; fileRef = C915B8531A0741C50025D16B /* uva414.cpp */; };
		C915B8571A0984AD0025D16B /* uva482.cpp in Sources */ = {isa = PBXBuildFile; fileRef = C915B8561A0984AD0025D16B /* uva482.cpp */; };
		C918ABDE19EDD0CB004BAFE7 /* uva10038.cpp in Sources */ = {isa = PBXBuildFile; fileRef = C918ABDD19EDD0CB004BAFE7 /* uva10038.cpp */; };
		C919F9C219EC42D600E001F2 /* scanregex.cpp in Sources */ = {isa = PBXBuildFile; fileRef = C919F9C119EC42D600E001F2 /* scanregex.cpp */; };
		C91F8C321A253B5A00B399FC /* uva341.cpp in Sources */ = {isa = PBXBuildFile; fileRef = C91F8C311A253B5A00B399FC /* uva341.cpp */; };
		C91F8C341A254EF200B399FC /* uva11504.cpp in Sources */ = {isa = PBXBuildFile; fileRef = C91F8C331A254EF200B399FC /* uva11504.cpp */; };
		C922541D1A12E4AC00C921DA /* uva11991.cpp in Sources */ = {isa = PBXBuildFile; fileRef = C922541C1A12E4AC00C921DA /* uva11991.cpp */; };
		C924A15B1A1B0DDB00858CE2 /* uva12577.cpp in Sources */ = {isa = PBXBuildFile; fileRef = C924A15A1A1B0DDB00858CE2 /* uva12577.cpp */; };
		C924A15E1A1C632500858CE2 /* uva12157.cpp in Sources */ = {isa = PBXBuildFile; fileRef = C924A15D1A1C632500858CE2 /* uva12157.cpp */; };
		C924D56B1A1079B10060AA60 /* uva118.cpp in Sources */ = {isa = PBXBuildFile; fileRef = C924D56A1A1079B10060AA60 /* uva118.cpp */; };
		C925A6D919F02FB000AF67B6 /* 272Bnew.cpp in Sources */ = {isa = PBXBuildFile; fileRef = C925A6D819F02FB000AF67B6 /* 272Bnew.cpp */; };
		C93BF0EF1A19812B003E96BA /* uva12219.cpp in Sources */ = {isa = PBXBuildFile; fileRef = C93BF0EE1A19812B003E96BA /* uva12219.cpp */; };
		C93BF0F11A19B385003E96BA /* uva1357.cpp in Sources */ = {isa = PBXBuildFile; fileRef = C93BF0F01A19B385003E96BA /* uva1357.cpp */; };
		C93E0A2619F5C0A80002B559 /* uva12100.cpp in Sources */ = {isa = PBXBuildFile; fileRef = C93E0A2419F5C0A80002B559 /* uva12100.cpp */; };
		C93E84FA19E7F1D900BCC99C /* TexQuotes.cpp in Sources */ = {isa = PBXBuildFile; fileRef = C93E84F919E7F1D900BCC99C /* TexQuotes.cpp */; };
		C93E84FD19E7F81200BCC99C /* uva1124.cpp in Sources */ = {isa = PBXBuildFile; fileRef = C93E84FC19E7F81200BCC99C /* uva1124.cpp */; };
		C93E84FF19E801D500BCC99C /* uva11364.cpp in Sources */ = {isa = PBXBuildFile; fileRef = C93E84FE19E801D500BCC99C /* uva11364.cpp */; };
		C93E850119E890E300BCC99C /* uva621.cpp in Sources */ = {isa = PBXBuildFile; fileRef = C93E850019E890E300BCC99C /* uva621.cpp */; };
		C93E850319E9B09A00BCC99C /* uva230.cpp in Sources */ = {isa = PBXBuildFile; fileRef = C93E850219E9B09A00BCC99C /* uva230.cpp */; };
		C9711A5B19E2EDE900D17AB6 /* KeyboardA.cpp in Sources */ = {isa = PBXBuildFile; fileRef = C9711A5A19E2EDE900D17AB6 /* KeyboardA.cpp */; };
		C9711A5D19E2F2BF00D17AB6 /* WormsB.cpp in Sources */ = {isa = PBXBuildFile; fileRef = C9711A5C19E2F2BF00D17AB6 /* WormsB.cpp */; };
		C982F7811A136C85005132D3 /* uva10018.cpp in Sources */ = {isa = PBXBuildFile; fileRef = C982F7801A136C85005132D3 /* uva10018.cpp */; };
		C982F7841A140DDD005132D3 /* dfs.cpp in Sources */ = {isa = PBXBuildFile; fileRef = C982F7831A140DDD005132D3 /* dfs.cpp */; };
		C982F7881A15B500005132D3 /* uva12503.cpp in Sources */ = {isa = PBXBuildFile; fileRef = C982F7871A15B500005132D3 /* uva12503.cpp */; };
		C982F78B1A15C77B005132D3 /* uva12554.cpp in Sources */ = {isa = PBXBuildFile; fileRef = C982F78A1A15C77B005132D3 /* uva12554.cpp */; };
		C982F7901A195924005132D3 /* uva1586.cpp in Sources */ = {isa = PBXBuildFile; fileRef = C982F78F1A195924005132D3 /* uva1586.cpp */; };
		C982F7931A196C98005132D3 /* uva1585.cpp in Sources */ = {isa = PBXBuildFile; fileRef = C982F7921A196C98005132D3 /* uva1585.cpp */; };
		C98FE17919F49A7700AA46B9 /* uva540.cpp in Sources */ = {isa = PBXBuildFile; fileRef = C98FE17719F49A7700AA46B9 /* uva540.cpp */; };
		C9A4BC1A19C967F9002A89D9 /* Eevee452A.cpp in Sources */ = {isa = PBXBuildFile; fileRef = C9A4BC1919C967F9002A89D9 /* Eevee452A.cpp */; };
		C9A4BC1C19CDB2A1002A89D9 /* WannaBeTheGuy.cpp in Sources */ = {isa = PBXBuildFile; fileRef = C9A4BC1B19CDB2A1002A89D9 /* WannaBeTheGuy.cpp */; };
		C9A4BC1E19CDB96A002A89D9 /* Game24.cpp in Sources */ = {isa = PBXBuildFile; fileRef = C9A4BC1D19CDB96A002A89D9 /* Game24.cpp */; };
		C9B836F419F24EC900B1F612 /* uva11239.cpp in Sources */ = {isa = PBXBuildFile; fileRef = C9B836F219F24EC900B1F612 /* uva11239.cpp */; };
		C9B836F719F2500500B1F612 /* uva417.cpp in Sources */ = {isa = PBXBuildFile; fileRef = C9B836F519F2500500B1F612 /* uva417.cpp */; };
		C9CC17D719F0194100E5772C /* 272A.cpp in Sources */ = {isa = PBXBuildFile; fileRef = C9CC17D519F0194100E5772C /* 272A.cpp */; };
		C9CC17DA19F0196700E5772C /* 272B.cpp in Sources */ = {isa = PBXBuildFile; fileRef = C9CC17D819F0196700E5772C /* 272B.cpp */; };
		C9D668011A45BF1F007AD154 /* CF445A.cpp in Sources */ = {isa = PBXBuildFile; fileRef = C9D668001A45BF1F007AD154 /* CF445A.cpp */; };
		C9D668041A470793007AD154 /* CF437C.cpp in Sources */ = {isa = PBXBuildFile; fileRef = C9D668031A470793007AD154 /* CF437C.cpp */; };
		C9E0851D1A1FB9E4004B9DFB /* uva534.cpp in Sources */ = {isa = PBXBuildFile; fileRef = C9E0851C1A1FB9E4004B9DFB /* uva534.cpp */; };
		C9E085201A22EF79004B9DFB /* uva12442.cpp in Sources */ = {isa = PBXBuildFile; fileRef = C9E0851F1A22EF79004B9DFB /* uva12442.cpp */; };
		C9E1246819C18824002D2885 /* translate41A.cpp in Sources */ = {isa = PBXBuildFile; fileRef = C9E1246719C18824002D2885 /* translate41A.cpp */; };
		C9E1246A19C268DE002D2885 /* Socks460A.cpp in Sources */ = {isa = PBXBuildFile; fileRef = C9E1246919C268DE002D2885 /* Socks460A.cpp */; };
		C9E1246C19C27622002D2885 /* Puzzle377A.cpp in Sources */ = {isa = PBXBuildFile; fileRef = C9E1246B19C27622002D2885 /* Puzzle377A.cpp */; };
		C9E1246E19C30880002D2885 /* FlipGame327A.cpp in Sources */ = {isa = PBXBuildFile; fileRef = C9E1246D19C30880002D2885 /* FlipGame327A.cpp */; };
		C9E1247019C3B825002D2885 /* CheapTravel466A.cpp in Sources */ = {isa = PBXBuildFile; fileRef = C9E1246F19C3B825002D2885 /* CheapTravel466A.cpp */; };
		C9E2FD9519DE195B0001BB1A /* TeXQuote.cpp in Sources */ = {isa = PBXBuildFile; fileRef = C9E2FD9419DE195B0001BB1A /* TeXQuote.cpp */; };
		C9E7404819D5BF8600CB4525 /* MuhAndSticksA.cpp in Sources */ = {isa = PBXBuildFile; fileRef = C9E7404719D5BF8600CB4525 /* MuhAndSticksA.cpp */; };
		C9E7404A19D5C5EF00CB4525 /* MuhAndImportantThingsB.cpp in Sources */ = {isa = PBXBuildFile; fileRef = C9E7404919D5C5EF00CB4525 /* MuhAndImportantThingsB.cpp */; };
		C9F2CEBD19C3FE7B009A2773 /* Pelisection17E.cpp in Sources */ = {isa = PBXBuildFile; fileRef = C9F2CEBC19C3FE7B009A2773 /* Pelisection17E.cpp */; };
		C9F2CEBF19C411DF009A2773 /* Football43A.cpp in Sources */ = {isa = PBXBuildFile; fileRef = C9F2CEBE19C411DF009A2773 /* Football43A.cpp */; };
		C9F2CEC119C41E67009A2773 /* MartianString149E.cpp in Sources */ = {isa = PBXBuildFile; fileRef = C9F2CEC019C41E67009A2773 /* MartianString149E.cpp */; };
		C9F2CEC419C4CE4F009A2773 /* TwoStrings223B.cpp in Sources */ = {isa = PBXBuildFile; fileRef = C9F2CEC319C4CE4F009A2773 /* TwoStrings223B.cpp */; };
		C9F2CED019C5638A009A2773 /* Panctuation147A.cpp in Sources */ = {isa = PBXBuildFile; fileRef = C9F2CECF19C5638A009A2773 /* Panctuation147A.cpp */; };
		C9F2CED219C65675009A2773 /* SequenceFormatting81B.cpp in Sources */ = {isa = PBXBuildFile; fileRef = C9F2CED119C65675009A2773 /* SequenceFormatting81B.cpp */; };
		C9F2CEE419C798CD009A2773 /* PetyaAndStrings112A.cpp in Sources */ = {isa = PBXBuildFile; fileRef = C9F2CEE319C798CD009A2773 /* PetyaAndStrings112A.cpp */; };
		C9F2CEE619C81A2F009A2773 /* KString219A.cpp in Sources */ = {isa = PBXBuildFile; fileRef = C9F2CEE519C81A2F009A2773 /* KString219A.cpp */; };
		C9F2CEE819C824D2009A2773 /* GnikoolSsalg130B.cpp in Sources */ = {isa = PBXBuildFile; fileRef = C9F2CEE719C824D2009A2773 /* GnikoolSsalg130B.cpp */; };
		C9F2CEEE19C8FB68009A2773 /* Dubstep208B.cpp in Sources */ = {isa = PBXBuildFile; fileRef = C9F2CEED19C8FB68009A2773 /* Dubstep208B.cpp */; };
		C9F2CEF019C903D1009A2773 /* Chatroom58A.cpp in Sources */ = {isa = PBXBuildFile; fileRef = C9F2CEEF19C903D1009A2773 /* Chatroom58A.cpp */; };
		C9F2CEF219CA8F20009A2773 /* HKAshtonAndStrings.cpp in Sources */ = {isa = PBXBuildFile; fileRef = C9F2CEF119CA8F20009A2773 /* HKAshtonAndStrings.cpp */; };
		C9F2CEF419CAF769009A2773 /* PinProblem.cpp in Sources */ = {isa = PBXBuildFile; fileRef = C9F2CEF319CAF769009A2773 /* PinProblem.cpp */; };
		C9F2CEF619CAFFAA009A2773 /* Pangrams.cpp in Sources */ = {isa = PBXBuildFile; fileRef = C9F2CEF519CAFFAA009A2773 /* Pangrams.cpp */; };
		C9F2CEF819CBA789009A2773 /* HKCommonChild.cpp in Sources */ = {isa = PBXBuildFile; fileRef = C9F2CEF719CBA789009A2773 /* HKCommonChild.cpp */; };
/* End PBXBuildFile section */

/* Begin PBXCopyFilesBuildPhase section */
		C952440D19BE62D2005E6DC4 /* CopyFiles */ = {
			isa = PBXCopyFilesBuildPhase;
			buildActionMask = 2147483647;
			dstPath = /usr/share/man/man1/;
			dstSubfolderSpec = 0;
			files = (
			);
			runOnlyForDeploymentPostprocessing = 1;
		};
/* End PBXCopyFilesBuildPhase section */

/* Begin PBXFileReference section */
		C90E85591A0C4621003033B6 /* uva167.cpp */ = {isa = PBXFileReference; fileEncoding = 4; lastKnownFileType = sourcecode.cpp.cpp; path = uva167.cpp; sourceTree = "<group>"; };
		C90E855B1A0C466B003033B6 /* uva167.txt */ = {isa = PBXFileReference; fileEncoding = 4; lastKnownFileType = text; path = uva167.txt; sourceTree = "<group>"; };
		C90E85621A0C8813003033B6 /* uva11988.cpp */ = {isa = PBXFileReference; fileEncoding = 4; lastKnownFileType = sourcecode.cpp.cpp; path = uva11988.cpp; sourceTree = "<group>"; };
		C90E85641A0C8878003033B6 /* uva11988.txt */ = {isa = PBXFileReference; fileEncoding = 4; lastKnownFileType = text; path = uva11988.txt; sourceTree = "<group>"; };
		C915B8531A0741C50025D16B /* uva414.cpp */ = {isa = PBXFileReference; fileEncoding = 4; lastKnownFileType = sourcecode.cpp.cpp; path = uva414.cpp; sourceTree = "<group>"; };
		C915B8541A0741C50025D16B /* uva414.txt */ = {isa = PBXFileReference; fileEncoding = 4; lastKnownFileType = text; path = uva414.txt; sourceTree = "<group>"; };
		C915B8561A0984AD0025D16B /* uva482.cpp */ = {isa = PBXFileReference; fileEncoding = 4; lastKnownFileType = sourcecode.cpp.cpp; path = uva482.cpp; sourceTree = "<group>"; };
		C915B8581A09851F0025D16B /* uva482.txt */ = {isa = PBXFileReference; lastKnownFileType = text; path = uva482.txt; sourceTree = "<group>"; };
		C918ABDD19EDD0CB004BAFE7 /* uva10038.cpp */ = {isa = PBXFileReference; fileEncoding = 4; lastKnownFileType = sourcecode.cpp.cpp; path = uva10038.cpp; sourceTree = "<group>"; };
		C919F9C119EC42D600E001F2 /* scanregex.cpp */ = {isa = PBXFileReference; fileEncoding = 4; lastKnownFileType = sourcecode.cpp.cpp; path = scanregex.cpp; sourceTree = "<group>"; };
		C919F9C319EC447A00E001F2 /* scantest.txt */ = {isa = PBXFileReference; fileEncoding = 4; lastKnownFileType = text; path = scantest.txt; sourceTree = "<group>"; };
		C91F8C311A253B5A00B399FC /* uva341.cpp */ = {isa = PBXFileReference; fileEncoding = 4; lastKnownFileType = sourcecode.cpp.cpp; path = uva341.cpp; sourceTree = "<group>"; };
		C91F8C331A254EF200B399FC /* uva11504.cpp */ = {isa = PBXFileReference; fileEncoding = 4; lastKnownFileType = sourcecode.cpp.cpp; path = uva11504.cpp; sourceTree = "<group>"; };
		C91F8C351A254F0D00B399FC /* uva11504.txt */ = {isa = PBXFileReference; fileEncoding = 4; lastKnownFileType = text; path = uva11504.txt; sourceTree = "<group>"; };
		C922541C1A12E4AC00C921DA /* uva11991.cpp */ = {isa = PBXFileReference; fileEncoding = 4; lastKnownFileType = sourcecode.cpp.cpp; path = uva11991.cpp; sourceTree = "<group>"; };
		C922541E1A12E4C500C921DA /* uva11991.txt */ = {isa = PBXFileReference; fileEncoding = 4; lastKnownFileType = text; path = uva11991.txt; sourceTree = "<group>"; };
		C924A15A1A1B0DDB00858CE2 /* uva12577.cpp */ = {isa = PBXFileReference; fileEncoding = 4; lastKnownFileType = sourcecode.cpp.cpp; path = uva12577.cpp; sourceTree = "<group>"; };
		C924A15C1A1B0F4200858CE2 /* uva12577.txt */ = {isa = PBXFileReference; fileEncoding = 4; lastKnownFileType = text; path = uva12577.txt; sourceTree = "<group>"; };
		C924A15D1A1C632500858CE2 /* uva12157.cpp */ = {isa = PBXFileReference; fileEncoding = 4; lastKnownFileType = sourcecode.cpp.cpp; path = uva12157.cpp; sourceTree = "<group>"; };
		C924A15F1A1C634100858CE2 /* uva12157.txt */ = {isa = PBXFileReference; fileEncoding = 4; lastKnownFileType = text; path = uva12157.txt; sourceTree = "<group>"; };
		C924D56A1A1079B10060AA60 /* uva118.cpp */ = {isa = PBXFileReference; fileEncoding = 4; lastKnownFileType = sourcecode.cpp.cpp; path = uva118.cpp; sourceTree = "<group>"; };
		C924D56C1A107A940060AA60 /* uva118.txt */ = {isa = PBXFileReference; fileEncoding = 4; lastKnownFileType = text; path = uva118.txt; sourceTree = "<group>"; };
		C925A6D819F02FB000AF67B6 /* 272Bnew.cpp */ = {isa = PBXFileReference; fileEncoding = 4; lastKnownFileType = sourcecode.cpp.cpp; path = 272Bnew.cpp; sourceTree = "<group>"; };
		C93BF0EE1A19812B003E96BA /* uva12219.cpp */ = {isa = PBXFileReference; fileEncoding = 4; lastKnownFileType = sourcecode.cpp.cpp; path = uva12219.cpp; sourceTree = "<group>"; };
		C93BF0F01A19B385003E96BA /* uva1357.cpp */ = {isa = PBXFileReference; fileEncoding = 4; lastKnownFileType = sourcecode.cpp.cpp; path = uva1357.cpp; sourceTree = "<group>"; };
		C93BF0F21A19B38F003E96BA /* uva1357.txt */ = {isa = PBXFileReference; fileEncoding = 4; lastKnownFileType = text; path = uva1357.txt; sourceTree = "<group>"; };
		C93E0A2419F5C0A80002B559 /* uva12100.cpp */ = {isa = PBXFileReference; fileEncoding = 4; lastKnownFileType = sourcecode.cpp.cpp; path = uva12100.cpp; sourceTree = "<group>"; };
		C93E0A2519F5C0A80002B559 /* uva12100.txt */ = {isa = PBXFileReference; fileEncoding = 4; lastKnownFileType = text; path = uva12100.txt; sourceTree = "<group>"; };
		C93E84F919E7F1D900BCC99C /* TexQuotes.cpp */ = {isa = PBXFileReference; fileEncoding = 4; lastKnownFileType = sourcecode.cpp.cpp; path = TexQuotes.cpp; sourceTree = "<group>"; };
		C93E84FB19E7F36100BCC99C /* in.txt */ = {isa = PBXFileReference; fileEncoding = 4; lastKnownFileType = text; path = in.txt; sourceTree = "<group>"; };
		C93E84FC19E7F81200BCC99C /* uva1124.cpp */ = {isa = PBXFileReference; fileEncoding = 4; lastKnownFileType = sourcecode.cpp.cpp; path = uva1124.cpp; sourceTree = "<group>"; };
		C93E84FE19E801D500BCC99C /* uva11364.cpp */ = {isa = PBXFileReference; fileEncoding = 4; lastKnownFileType = sourcecode.cpp.cpp; path = uva11364.cpp; sourceTree = "<group>"; };
		C93E850019E890E300BCC99C /* uva621.cpp */ = {isa = PBXFileReference; fileEncoding = 4; lastKnownFileType = sourcecode.cpp.cpp; path = uva621.cpp; sourceTree = "<group>"; };
		C93E850219E9B09A00BCC99C /* uva230.cpp */ = {isa = PBXFileReference; fileEncoding = 4; lastKnownFileType = sourcecode.cpp.cpp; path = uva230.cpp; sourceTree = "<group>"; };
		C952440F19BE62D2005E6DC4 /* Codeforces */ = {isa = PBXFileReference; explicitFileType = "compiled.mach-o.executable"; includeInIndex = 0; path = Codeforces; sourceTree = BUILT_PRODUCTS_DIR; };
		C9711A5A19E2EDE900D17AB6 /* KeyboardA.cpp */ = {isa = PBXFileReference; fileEncoding = 4; lastKnownFileType = sourcecode.cpp.cpp; path = KeyboardA.cpp; sourceTree = "<group>"; };
		C9711A5C19E2F2BF00D17AB6 /* WormsB.cpp */ = {isa = PBXFileReference; fileEncoding = 4; lastKnownFileType = sourcecode.cpp.cpp; path = WormsB.cpp; sourceTree = "<group>"; };
		C982F7801A136C85005132D3 /* uva10018.cpp */ = {isa = PBXFileReference; fileEncoding = 4; lastKnownFileType = sourcecode.cpp.cpp; path = uva10018.cpp; sourceTree = "<group>"; };
		C982F7821A136CB2005132D3 /* uva10018.txt */ = {isa = PBXFileReference; lastKnownFileType = text; path = uva10018.txt; sourceTree = "<group>"; };
		C982F7831A140DDD005132D3 /* dfs.cpp */ = {isa = PBXFileReference; fileEncoding = 4; lastKnownFileType = sourcecode.cpp.cpp; path = dfs.cpp; sourceTree = "<group>"; };
		C982F7851A14237B005132D3 /* dfs.txt */ = {isa = PBXFileReference; fileEncoding = 4; lastKnownFileType = text; path = dfs.txt; sourceTree = "<group>"; };
		C982F7871A15B500005132D3 /* uva12503.cpp */ = {isa = PBXFileReference; fileEncoding = 4; lastKnownFileType = sourcecode.cpp.cpp; path = uva12503.cpp; sourceTree = "<group>"; };
		C982F7891A15B553005132D3 /* uva12503.txt */ = {isa = PBXFileReference; fileEncoding = 4; lastKnownFileType = text; path = uva12503.txt; sourceTree = "<group>"; };
		C982F78A1A15C77B005132D3 /* uva12554.cpp */ = {isa = PBXFileReference; fileEncoding = 4; lastKnownFileType = sourcecode.cpp.cpp; path = uva12554.cpp; sourceTree = "<group>"; };
		C982F78C1A15C7A6005132D3 /* uva12554.txt */ = {isa = PBXFileReference; fileEncoding = 4; lastKnownFileType = text; path = uva12554.txt; sourceTree = "<group>"; };
		C982F78F1A195924005132D3 /* uva1586.cpp */ = {isa = PBXFileReference; fileEncoding = 4; lastKnownFileType = sourcecode.cpp.cpp; path = uva1586.cpp; sourceTree = "<group>"; };
		C982F7911A195943005132D3 /* uva1586.txt */ = {isa = PBXFileReference; fileEncoding = 4; lastKnownFileType = text; path = uva1586.txt; sourceTree = "<group>"; };
		C982F7921A196C98005132D3 /* uva1585.cpp */ = {isa = PBXFileReference; fileEncoding = 4; lastKnownFileType = sourcecode.cpp.cpp; path = uva1585.cpp; sourceTree = "<group>"; };
		C982F7941A196CBB005132D3 /* uva1585.txt */ = {isa = PBXFileReference; fileEncoding = 4; lastKnownFileType = text; path = uva1585.txt; sourceTree = "<group>"; };
		C98FE17719F49A7700AA46B9 /* uva540.cpp */ = {isa = PBXFileReference; fileEncoding = 4; lastKnownFileType = sourcecode.cpp.cpp; path = uva540.cpp; sourceTree = "<group>"; };
		C98FE17819F49A7700AA46B9 /* uva540.txt */ = {isa = PBXFileReference; fileEncoding = 4; lastKnownFileType = text; path = uva540.txt; sourceTree = "<group>"; };
		C9A4BC1919C967F9002A89D9 /* Eevee452A.cpp */ = {isa = PBXFileReference; fileEncoding = 4; lastKnownFileType = sourcecode.cpp.cpp; path = Eevee452A.cpp; sourceTree = "<group>"; };
		C9A4BC1B19CDB2A1002A89D9 /* WannaBeTheGuy.cpp */ = {isa = PBXFileReference; fileEncoding = 4; lastKnownFileType = sourcecode.cpp.cpp; path = WannaBeTheGuy.cpp; sourceTree = "<group>"; };
		C9A4BC1D19CDB96A002A89D9 /* Game24.cpp */ = {isa = PBXFileReference; fileEncoding = 4; lastKnownFileType = sourcecode.cpp.cpp; path = Game24.cpp; sourceTree = "<group>"; };
		C9B836F219F24EC900B1F612 /* uva11239.cpp */ = {isa = PBXFileReference; fileEncoding = 4; lastKnownFileType = sourcecode.cpp.cpp; path = uva11239.cpp; sourceTree = "<group>"; };
		C9B836F319F24EC900B1F612 /* uva11239.txt */ = {isa = PBXFileReference; fileEncoding = 4; lastKnownFileType = text; path = uva11239.txt; sourceTree = "<group>"; };
		C9B836F519F2500500B1F612 /* uva417.cpp */ = {isa = PBXFileReference; fileEncoding = 4; lastKnownFileType = sourcecode.cpp.cpp; path = uva417.cpp; sourceTree = "<group>"; };
		C9B836F819F2503400B1F612 /* uva417.txt */ = {isa = PBXFileReference; fileEncoding = 4; lastKnownFileType = text; path = uva417.txt; sourceTree = "<group>"; };
		C9CC17D519F0194100E5772C /* 272A.cpp */ = {isa = PBXFileReference; fileEncoding = 4; lastKnownFileType = sourcecode.cpp.cpp; path = 272A.cpp; sourceTree = "<group>"; };
		C9CC17D619F0194100E5772C /* A.txt */ = {isa = PBXFileReference; fileEncoding = 4; lastKnownFileType = text; path = A.txt; sourceTree = "<group>"; };
		C9CC17D819F0196700E5772C /* 272B.cpp */ = {isa = PBXFileReference; fileEncoding = 4; lastKnownFileType = sourcecode.cpp.cpp; path = 272B.cpp; sourceTree = "<group>"; };
		C9CC17D919F0196700E5772C /* B.txt */ = {isa = PBXFileReference; fileEncoding = 4; lastKnownFileType = text; path = B.txt; sourceTree = "<group>"; };
		C9D668001A45BF1F007AD154 /* CF445A.cpp */ = {isa = PBXFileReference; fileEncoding = 4; lastKnownFileType = sourcecode.cpp.cpp; path = CF445A.cpp; sourceTree = "<group>"; };
		C9D668021A45BF2F007AD154 /* CF445A.txt */ = {isa = PBXFileReference; fileEncoding = 4; lastKnownFileType = text; path = CF445A.txt; sourceTree = "<group>"; };
		C9D668031A470793007AD154 /* CF437C.cpp */ = {isa = PBXFileReference; fileEncoding = 4; lastKnownFileType = sourcecode.cpp.cpp; path = CF437C.cpp; sourceTree = "<group>"; };
		C9D668051A4707B1007AD154 /* CF437C.txt */ = {isa = PBXFileReference; fileEncoding = 4; lastKnownFileType = text; path = CF437C.txt; sourceTree = "<group>"; };
		C9E0851C1A1FB9E4004B9DFB /* uva534.cpp */ = {isa = PBXFileReference; fileEncoding = 4; lastKnownFileType = sourcecode.cpp.cpp; path = uva534.cpp; sourceTree = "<group>"; };
		C9E0851E1A1FBA37004B9DFB /* uva534.txt */ = {isa = PBXFileReference; fileEncoding = 4; lastKnownFileType = text; path = uva534.txt; sourceTree = "<group>"; };
		C9E0851F1A22EF79004B9DFB /* uva12442.cpp */ = {isa = PBXFileReference; fileEncoding = 4; lastKnownFileType = sourcecode.cpp.cpp; path = uva12442.cpp; sourceTree = "<group>"; };
		C9E085211A22EFA0004B9DFB /* uva12442.txt */ = {isa = PBXFileReference; fileEncoding = 4; lastKnownFileType = text; path = uva12442.txt; sourceTree = "<group>"; };
		C9E1246619C187D1002D2885 /* input.txt */ = {isa = PBXFileReference; fileEncoding = 4; lastKnownFileType = text; path = input.txt; sourceTree = "<group>"; };
		C9E1246719C18824002D2885 /* translate41A.cpp */ = {isa = PBXFileReference; fileEncoding = 4; lastKnownFileType = sourcecode.cpp.cpp; path = translate41A.cpp; sourceTree = "<group>"; };
		C9E1246919C268DE002D2885 /* Socks460A.cpp */ = {isa = PBXFileReference; fileEncoding = 4; lastKnownFileType = sourcecode.cpp.cpp; path = Socks460A.cpp; sourceTree = "<group>"; };
		C9E1246B19C27622002D2885 /* Puzzle377A.cpp */ = {isa = PBXFileReference; fileEncoding = 4; lastKnownFileType = sourcecode.cpp.cpp; path = Puzzle377A.cpp; sourceTree = "<group>"; };
		C9E1246D19C30880002D2885 /* FlipGame327A.cpp */ = {isa = PBXFileReference; fileEncoding = 4; lastKnownFileType = sourcecode.cpp.cpp; path = FlipGame327A.cpp; sourceTree = "<group>"; };
		C9E1246F19C3B825002D2885 /* CheapTravel466A.cpp */ = {isa = PBXFileReference; fileEncoding = 4; lastKnownFileType = sourcecode.cpp.cpp; path = CheapTravel466A.cpp; sourceTree = "<group>"; };
		C9E2FD9419DE195B0001BB1A /* TeXQuote.cpp */ = {isa = PBXFileReference; fileEncoding = 4; lastKnownFileType = sourcecode.cpp.cpp; path = TeXQuote.cpp; sourceTree = "<group>"; };
		C9E7404719D5BF8600CB4525 /* MuhAndSticksA.cpp */ = {isa = PBXFileReference; fileEncoding = 4; lastKnownFileType = sourcecode.cpp.cpp; path = MuhAndSticksA.cpp; sourceTree = "<group>"; };
		C9E7404919D5C5EF00CB4525 /* MuhAndImportantThingsB.cpp */ = {isa = PBXFileReference; fileEncoding = 4; lastKnownFileType = sourcecode.cpp.cpp; path = MuhAndImportantThingsB.cpp; sourceTree = "<group>"; };
		C9F2CEBC19C3FE7B009A2773 /* Pelisection17E.cpp */ = {isa = PBXFileReference; fileEncoding = 4; lastKnownFileType = sourcecode.cpp.cpp; path = Pelisection17E.cpp; sourceTree = "<group>"; };
		C9F2CEBE19C411DF009A2773 /* Football43A.cpp */ = {isa = PBXFileReference; fileEncoding = 4; lastKnownFileType = sourcecode.cpp.cpp; path = Football43A.cpp; sourceTree = "<group>"; };
		C9F2CEC019C41E67009A2773 /* MartianString149E.cpp */ = {isa = PBXFileReference; fileEncoding = 4; lastKnownFileType = sourcecode.cpp.cpp; path = MartianString149E.cpp; sourceTree = "<group>"; };
		C9F2CEC319C4CE4F009A2773 /* TwoStrings223B.cpp */ = {isa = PBXFileReference; fileEncoding = 4; lastKnownFileType = sourcecode.cpp.cpp; path = TwoStrings223B.cpp; sourceTree = "<group>"; };
		C9F2CECF19C5638A009A2773 /* Panctuation147A.cpp */ = {isa = PBXFileReference; fileEncoding = 4; lastKnownFileType = sourcecode.cpp.cpp; path = Panctuation147A.cpp; sourceTree = "<group>"; };
		C9F2CED119C65675009A2773 /* SequenceFormatting81B.cpp */ = {isa = PBXFileReference; fileEncoding = 4; lastKnownFileType = sourcecode.cpp.cpp; path = SequenceFormatting81B.cpp; sourceTree = "<group>"; };
		C9F2CEE319C798CD009A2773 /* PetyaAndStrings112A.cpp */ = {isa = PBXFileReference; fileEncoding = 4; lastKnownFileType = sourcecode.cpp.cpp; path = PetyaAndStrings112A.cpp; sourceTree = "<group>"; };
		C9F2CEE519C81A2F009A2773 /* KString219A.cpp */ = {isa = PBXFileReference; fileEncoding = 4; lastKnownFileType = sourcecode.cpp.cpp; path = KString219A.cpp; sourceTree = "<group>"; };
		C9F2CEE719C824D2009A2773 /* GnikoolSsalg130B.cpp */ = {isa = PBXFileReference; fileEncoding = 4; lastKnownFileType = sourcecode.cpp.cpp; path = GnikoolSsalg130B.cpp; sourceTree = "<group>"; };
		C9F2CEED19C8FB68009A2773 /* Dubstep208B.cpp */ = {isa = PBXFileReference; fileEncoding = 4; lastKnownFileType = sourcecode.cpp.cpp; path = Dubstep208B.cpp; sourceTree = "<group>"; };
		C9F2CEEF19C903D1009A2773 /* Chatroom58A.cpp */ = {isa = PBXFileReference; fileEncoding = 4; lastKnownFileType = sourcecode.cpp.cpp; path = Chatroom58A.cpp; sourceTree = "<group>"; };
		C9F2CEF119CA8F20009A2773 /* HKAshtonAndStrings.cpp */ = {isa = PBXFileReference; fileEncoding = 4; lastKnownFileType = sourcecode.cpp.cpp; path = HKAshtonAndStrings.cpp; sourceTree = "<group>"; };
		C9F2CEF319CAF769009A2773 /* PinProblem.cpp */ = {isa = PBXFileReference; fileEncoding = 4; lastKnownFileType = sourcecode.cpp.cpp; path = PinProblem.cpp; sourceTree = "<group>"; };
		C9F2CEF519CAFFAA009A2773 /* Pangrams.cpp */ = {isa = PBXFileReference; fileEncoding = 4; lastKnownFileType = sourcecode.cpp.cpp; path = Pangrams.cpp; sourceTree = "<group>"; };
		C9F2CEF719CBA789009A2773 /* HKCommonChild.cpp */ = {isa = PBXFileReference; fileEncoding = 4; lastKnownFileType = sourcecode.cpp.cpp; path = HKCommonChild.cpp; sourceTree = "<group>"; };
/* End PBXFileReference section */

/* Begin PBXFrameworksBuildPhase section */
		C952440C19BE62D2005E6DC4 /* Frameworks */ = {
			isa = PBXFrameworksBuildPhase;
			buildActionMask = 2147483647;
			files = (
			);
			runOnlyForDeploymentPostprocessing = 0;
		};
/* End PBXFrameworksBuildPhase section */

/* Begin PBXGroup section */
		C952440619BE62D2005E6DC4 = {
			isa = PBXGroup;
			children = (
				C952441119BE62D2005E6DC4 /* Codeforces */,
				C952441019BE62D2005E6DC4 /* Products */,
			);
			sourceTree = "<group>";
		};
		C952441019BE62D2005E6DC4 /* Products */ = {
			isa = PBXGroup;
			children = (
				C952440F19BE62D2005E6DC4 /* Codeforces */,
			);
			name = Products;
			sourceTree = "<group>";
		};
		C952441119BE62D2005E6DC4 /* Codeforces */ = {
			isa = PBXGroup;
			children = (
				C9B836F119F24EC900B1F612 /* UVa */,
				C9CC17D419F0194100E5772C /* 272 */,
				C9711A5C19E2F2BF00D17AB6 /* WormsB.cpp */,
				C9711A5A19E2EDE900D17AB6 /* KeyboardA.cpp */,
				C9E2FD9419DE195B0001BB1A /* TeXQuote.cpp */,
				C9E7404919D5C5EF00CB4525 /* MuhAndImportantThingsB.cpp */,
				C9E7404719D5BF8600CB4525 /* MuhAndSticksA.cpp */,
				C9A4BC1D19CDB96A002A89D9 /* Game24.cpp */,
				C9A4BC1B19CDB2A1002A89D9 /* WannaBeTheGuy.cpp */,
				C9F2CEF719CBA789009A2773 /* HKCommonChild.cpp */,
				C9F2CEF519CAFFAA009A2773 /* Pangrams.cpp */,
				C9F2CEF319CAF769009A2773 /* PinProblem.cpp */,
				C9F2CEF119CA8F20009A2773 /* HKAshtonAndStrings.cpp */,
				C9A4BC1919C967F9002A89D9 /* Eevee452A.cpp */,
				C9F2CEEF19C903D1009A2773 /* Chatroom58A.cpp */,
				C9F2CEED19C8FB68009A2773 /* Dubstep208B.cpp */,
				C9F2CEE719C824D2009A2773 /* GnikoolSsalg130B.cpp */,
				C9F2CEE519C81A2F009A2773 /* KString219A.cpp */,
				C9F2CEE319C798CD009A2773 /* PetyaAndStrings112A.cpp */,
				C9F2CED119C65675009A2773 /* SequenceFormatting81B.cpp */,
				C9F2CECF19C5638A009A2773 /* Panctuation147A.cpp */,
				C9F2CEC319C4CE4F009A2773 /* TwoStrings223B.cpp */,
				C9F2CEC019C41E67009A2773 /* MartianString149E.cpp */,
				C9F2CEBE19C411DF009A2773 /* Football43A.cpp */,
				C9F2CEBC19C3FE7B009A2773 /* Pelisection17E.cpp */,
				C9E1246F19C3B825002D2885 /* CheapTravel466A.cpp */,
				C9E1246D19C30880002D2885 /* FlipGame327A.cpp */,
				C9E1246B19C27622002D2885 /* Puzzle377A.cpp */,
				C9E1246919C268DE002D2885 /* Socks460A.cpp */,
				C9E1246719C18824002D2885 /* translate41A.cpp */,
				C9E1246619C187D1002D2885 /* input.txt */,
				C93E84F919E7F1D900BCC99C /* TexQuotes.cpp */,
				C93E84FB19E7F36100BCC99C /* in.txt */,
				C93E84FC19E7F81200BCC99C /* uva1124.cpp */,
				C93E84FE19E801D500BCC99C /* uva11364.cpp */,
				C93E850019E890E300BCC99C /* uva621.cpp */,
				C93E850219E9B09A00BCC99C /* uva230.cpp */,
				C919F9C119EC42D600E001F2 /* scanregex.cpp */,
				C919F9C319EC447A00E001F2 /* scantest.txt */,
				C918ABDD19EDD0CB004BAFE7 /* uva10038.cpp */,
			);
			path = Codeforces;
			sourceTree = "<group>";
		};
		C9B836F119F24EC900B1F612 /* UVa */ = {
			isa = PBXGroup;
			children = (
				C9D668001A45BF1F007AD154 /* CF445A.cpp */,
				C9D668021A45BF2F007AD154 /* CF445A.txt */,
				C982F7831A140DDD005132D3 /* dfs.cpp */,
				C982F7851A14237B005132D3 /* dfs.txt */,
				C924D56A1A1079B10060AA60 /* uva118.cpp */,
				C924D56C1A107A940060AA60 /* uva118.txt */,
				C90E85591A0C4621003033B6 /* uva167.cpp */,
				C90E855B1A0C466B003033B6 /* uva167.txt */,
				C91F8C311A253B5A00B399FC /* uva341.cpp */,
				C915B8531A0741C50025D16B /* uva414.cpp */,
				C915B8541A0741C50025D16B /* uva414.txt */,
				C9B836F519F2500500B1F612 /* uva417.cpp */,
				C9B836F819F2503400B1F612 /* uva417.txt */,
				C915B8561A0984AD0025D16B /* uva482.cpp */,
				C915B8581A09851F0025D16B /* uva482.txt */,
				C9E0851C1A1FB9E4004B9DFB /* uva534.cpp */,
				C9E0851E1A1FBA37004B9DFB /* uva534.txt */,
				C98FE17719F49A7700AA46B9 /* uva540.cpp */,
				C98FE17819F49A7700AA46B9 /* uva540.txt */,
				C93BF0F01A19B385003E96BA /* uva1357.cpp */,
				C93BF0F21A19B38F003E96BA /* uva1357.txt */,
				C982F7921A196C98005132D3 /* uva1585.cpp */,
				C982F7941A196CBB005132D3 /* uva1585.txt */,
				C982F78F1A195924005132D3 /* uva1586.cpp */,
				C982F7911A195943005132D3 /* uva1586.txt */,
				C982F7801A136C85005132D3 /* uva10018.cpp */,
				C982F7821A136CB2005132D3 /* uva10018.txt */,
				C9B836F219F24EC900B1F612 /* uva11239.cpp */,
				C9B836F319F24EC900B1F612 /* uva11239.txt */,
				C91F8C331A254EF200B399FC /* uva11504.cpp */,
				C91F8C351A254F0D00B399FC /* uva11504.txt */,
				C90E85621A0C8813003033B6 /* uva11988.cpp */,
				C90E85641A0C8878003033B6 /* uva11988.txt */,
				C922541C1A12E4AC00C921DA /* uva11991.cpp */,
				C922541E1A12E4C500C921DA /* uva11991.txt */,
				C93E0A2419F5C0A80002B559 /* uva12100.cpp */,
				C93E0A2519F5C0A80002B559 /* uva12100.txt */,
				C924A15D1A1C632500858CE2 /* uva12157.cpp */,
				C924A15F1A1C634100858CE2 /* uva12157.txt */,
				C93BF0EE1A19812B003E96BA /* uva12219.cpp */,
				C9E0851F1A22EF79004B9DFB /* uva12442.cpp */,
				C9E085211A22EFA0004B9DFB /* uva12442.txt */,
				C982F7871A15B500005132D3 /* uva12503.cpp */,
				C982F7891A15B553005132D3 /* uva12503.txt */,
				C982F78A1A15C77B005132D3 /* uva12554.cpp */,
				C982F78C1A15C7A6005132D3 /* uva12554.txt */,
				C924A15A1A1B0DDB00858CE2 /* uva12577.cpp */,
				C924A15C1A1B0F4200858CE2 /* uva12577.txt */,
				C9D668031A470793007AD154 /* CF437C.cpp */,
				C9D668051A4707B1007AD154 /* CF437C.txt */,
			);
			path = UVa;
			sourceTree = "<group>";
		};
		C9CC17D419F0194100E5772C /* 272 */ = {
			isa = PBXGroup;
			children = (
				C9CC17D819F0196700E5772C /* 272B.cpp */,
				C9CC17D919F0196700E5772C /* B.txt */,
				C9CC17D519F0194100E5772C /* 272A.cpp */,
				C9CC17D619F0194100E5772C /* A.txt */,
				C925A6D819F02FB000AF67B6 /* 272Bnew.cpp */,
			);
			path = 272;
			sourceTree = "<group>";
		};
/* End PBXGroup section */

/* Begin PBXNativeTarget section */
		C952440E19BE62D2005E6DC4 /* Codeforces */ = {
			isa = PBXNativeTarget;
			buildConfigurationList = C952441819BE62D2005E6DC4 /* Build configuration list for PBXNativeTarget "Codeforces" */;
			buildPhases = (
				C952440B19BE62D2005E6DC4 /* Sources */,
				C952440C19BE62D2005E6DC4 /* Frameworks */,
				C952440D19BE62D2005E6DC4 /* CopyFiles */,
			);
			buildRules = (
			);
			dependencies = (
			);
			name = Codeforces;
			productName = Codeforces;
			productReference = C952440F19BE62D2005E6DC4 /* Codeforces */;
			productType = "com.apple.product-type.tool";
		};
/* End PBXNativeTarget section */

/* Begin PBXProject section */
		C952440719BE62D2005E6DC4 /* Project object */ = {
			isa = PBXProject;
			attributes = {
				LastUpgradeCheck = 0510;
				ORGANIZATIONNAME = "Vishal Patel";
			};
			buildConfigurationList = C952440A19BE62D2005E6DC4 /* Build configuration list for PBXProject "Codeforces" */;
			compatibilityVersion = "Xcode 3.2";
			developmentRegion = English;
			hasScannedForEncodings = 0;
			knownRegions = (
				en,
			);
			mainGroup = C952440619BE62D2005E6DC4;
			productRefGroup = C952441019BE62D2005E6DC4 /* Products */;
			projectDirPath = "";
			projectRoot = "";
			targets = (
				C952440E19BE62D2005E6DC4 /* Codeforces */,
			);
		};
/* End PBXProject section */

/* Begin PBXSourcesBuildPhase section */
		C952440B19BE62D2005E6DC4 /* Sources */ = {
			isa = PBXSourcesBuildPhase;
			buildActionMask = 2147483647;
			files = (
				C919F9C219EC42D600E001F2 /* scanregex.cpp in Sources */,
				C922541D1A12E4AC00C921DA /* uva11991.cpp in Sources */,
				C9B836F419F24EC900B1F612 /* uva11239.cpp in Sources */,
				C925A6D919F02FB000AF67B6 /* 272Bnew.cpp in Sources */,
				C93E850119E890E300BCC99C /* uva621.cpp in Sources */,
				C982F7901A195924005132D3 /* uva1586.cpp in Sources */,
				C924D56B1A1079B10060AA60 /* uva118.cpp in Sources */,
				C9E1246C19C27622002D2885 /* Puzzle377A.cpp in Sources */,
				C93E84FA19E7F1D900BCC99C /* TexQuotes.cpp in Sources */,
				C9E7404A19D5C5EF00CB4525 /* MuhAndImportantThingsB.cpp in Sources */,
				C924A15B1A1B0DDB00858CE2 /* uva12577.cpp in Sources */,
				C93E84FF19E801D500BCC99C /* uva11364.cpp in Sources */,
				C982F78B1A15C77B005132D3 /* uva12554.cpp in Sources */,
				C9F2CEF819CBA789009A2773 /* HKCommonChild.cpp in Sources */,
				C915B8571A0984AD0025D16B /* uva482.cpp in Sources */,
				C9F2CEBF19C411DF009A2773 /* Football43A.cpp in Sources */,
				C9711A5B19E2EDE900D17AB6 /* KeyboardA.cpp in Sources */,
				C9B836F719F2500500B1F612 /* uva417.cpp in Sources */,
				C91F8C321A253B5A00B399FC /* uva341.cpp in Sources */,
				C9711A5D19E2F2BF00D17AB6 /* WormsB.cpp in Sources */,
				C9F2CEF619CAFFAA009A2773 /* Pangrams.cpp in Sources */,
				C9D668011A45BF1F007AD154 /* CF445A.cpp in Sources */,
				C9F2CEF219CA8F20009A2773 /* HKAshtonAndStrings.cpp in Sources */,
				C90E855A1A0C4621003033B6 /* uva167.cpp in Sources */,
				C9F2CEEE19C8FB68009A2773 /* Dubstep208B.cpp in Sources */,
				C924A15E1A1C632500858CE2 /* uva12157.cpp in Sources */,
				C982F7841A140DDD005132D3 /* dfs.cpp in Sources */,
				C9F2CED219C65675009A2773 /* SequenceFormatting81B.cpp in Sources */,
				C9F2CEC419C4CE4F009A2773 /* TwoStrings223B.cpp in Sources */,
				C982F7811A136C85005132D3 /* uva10018.cpp in Sources */,
				C93BF0F11A19B385003E96BA /* uva1357.cpp in Sources */,
				C9E1246A19C268DE002D2885 /* Socks460A.cpp in Sources */,
				C9E7404819D5BF8600CB4525 /* MuhAndSticksA.cpp in Sources */,
				C9F2CEE419C798CD009A2773 /* PetyaAndStrings112A.cpp in Sources */,
				C93E0A2619F5C0A80002B559 /* uva12100.cpp in Sources */,
				C9E1246819C18824002D2885 /* translate41A.cpp in Sources */,
				C9F2CEC119C41E67009A2773 /* MartianString149E.cpp in Sources */,
				C9D668041A470793007AD154 /* CF437C.cpp in Sources */,
				C9E1246E19C30880002D2885 /* FlipGame327A.cpp in Sources */,
				C9E1247019C3B825002D2885 /* CheapTravel466A.cpp in Sources */,
				C9A4BC1A19C967F9002A89D9 /* Eevee452A.cpp in Sources */,
				C918ABDE19EDD0CB004BAFE7 /* uva10038.cpp in Sources */,
				C9A4BC1E19CDB96A002A89D9 /* Game24.cpp in Sources */,
				C9F2CEF419CAF769009A2773 /* PinProblem.cpp in Sources */,
				C9F2CEF019C903D1009A2773 /* Chatroom58A.cpp in Sources */,
				C9E085201A22EF79004B9DFB /* uva12442.cpp in Sources */,
				C93BF0EF1A19812B003E96BA /* uva12219.cpp in Sources */,
				C982F7931A196C98005132D3 /* uva1585.cpp in Sources */,
				C9F2CEBD19C3FE7B009A2773 /* Pelisection17E.cpp in Sources */,
				C9CC17D719F0194100E5772C /* 272A.cpp in Sources */,
				C982F7881A15B500005132D3 /* uva12503.cpp in Sources */,
				C9CC17DA19F0196700E5772C /* 272B.cpp in Sources */,
				C93E84FD19E7F81200BCC99C /* uva1124.cpp in Sources */,
				C9A4BC1C19CDB2A1002A89D9 /* WannaBeTheGuy.cpp in Sources */,
				C9F2CED019C5638A009A2773 /* Panctuation147A.cpp in Sources */,
				C90E85631A0C8813003033B6 /* uva11988.cpp in Sources */,
				C93E850319E9B09A00BCC99C /* uva230.cpp in Sources */,
				C9F2CEE819C824D2009A2773 /* GnikoolSsalg130B.cpp in Sources */,
				C91F8C341A254EF200B399FC /* uva11504.cpp in Sources */,
				C915B8551A0741C50025D16B /* uva414.cpp in Sources */,
				C9E0851D1A1FB9E4004B9DFB /* uva534.cpp in Sources */,
				C9E2FD9519DE195B0001BB1A /* TeXQuote.cpp in Sources */,
				C9F2CEE619C81A2F009A2773 /* KString219A.cpp in Sources */,
				C98FE17919F49A7700AA46B9 /* uva540.cpp in Sources */,
			);
			runOnlyForDeploymentPostprocessing = 0;
		};
/* End PBXSourcesBuildPhase section */

/* Begin XCBuildConfiguration section */
		C952441619BE62D2005E6DC4 /* Debug */ = {
			isa = XCBuildConfiguration;
			buildSettings = {
				ALWAYS_SEARCH_USER_PATHS = NO;
				CLANG_CXX_LANGUAGE_STANDARD = "gnu++0x";
				CLANG_CXX_LIBRARY = "libc++";
				CLANG_ENABLE_MODULES = YES;
				CLANG_ENABLE_OBJC_ARC = YES;
				CLANG_WARN_BOOL_CONVERSION = YES;
				CLANG_WARN_CONSTANT_CONVERSION = YES;
				CLANG_WARN_DIRECT_OBJC_ISA_USAGE = YES_ERROR;
				CLANG_WARN_EMPTY_BODY = YES;
				CLANG_WARN_ENUM_CONVERSION = YES;
				CLANG_WARN_INT_CONVERSION = YES;
				CLANG_WARN_OBJC_ROOT_CLASS = YES_ERROR;
				CLANG_WARN__DUPLICATE_METHOD_MATCH = YES;
				COPY_PHASE_STRIP = NO;
				GCC_C_LANGUAGE_STANDARD = gnu99;
				GCC_DYNAMIC_NO_PIC = NO;
				GCC_ENABLE_OBJC_EXCEPTIONS = YES;
				GCC_OPTIMIZATION_LEVEL = 0;
				GCC_PREPROCESSOR_DEFINITIONS = (
					"DEBUG=1",
					"$(inherited)",
				);
				GCC_SYMBOLS_PRIVATE_EXTERN = NO;
				GCC_WARN_64_TO_32_BIT_CONVERSION = YES;
				GCC_WARN_ABOUT_RETURN_TYPE = YES_ERROR;
				GCC_WARN_UNDECLARED_SELECTOR = YES;
				GCC_WARN_UNINITIALIZED_AUTOS = YES_AGGRESSIVE;
				GCC_WARN_UNUSED_FUNCTION = YES;
				GCC_WARN_UNUSED_VARIABLE = YES;
				MACOSX_DEPLOYMENT_TARGET = 10.9;
				ONLY_ACTIVE_ARCH = YES;
				SDKROOT = macosx;
			};
			name = Debug;
		};
		C952441719BE62D2005E6DC4 /* Release */ = {
			isa = XCBuildConfiguration;
			buildSettings = {
				ALWAYS_SEARCH_USER_PATHS = NO;
				CLANG_CXX_LANGUAGE_STANDARD = "gnu++0x";
				CLANG_CXX_LIBRARY = "libc++";
				CLANG_ENABLE_MODULES = YES;
				CLANG_ENABLE_OBJC_ARC = YES;
				CLANG_WARN_BOOL_CONVERSION = YES;
				CLANG_WARN_CONSTANT_CONVERSION = YES;
				CLANG_WARN_DIRECT_OBJC_ISA_USAGE = YES_ERROR;
				CLANG_WARN_EMPTY_BODY = YES;
				CLANG_WARN_ENUM_CONVERSION = YES;
				CLANG_WARN_INT_CONVERSION = YES;
				CLANG_WARN_OBJC_ROOT_CLASS = YES_ERROR;
				CLANG_WARN__DUPLICATE_METHOD_MATCH = YES;
				COPY_PHASE_STRIP = YES;
				DEBUG_INFORMATION_FORMAT = "dwarf-with-dsym";
				ENABLE_NS_ASSERTIONS = NO;
				GCC_C_LANGUAGE_STANDARD = gnu99;
				GCC_ENABLE_OBJC_EXCEPTIONS = YES;
				GCC_WARN_64_TO_32_BIT_CONVERSION = YES;
				GCC_WARN_ABOUT_RETURN_TYPE = YES_ERROR;
				GCC_WARN_UNDECLARED_SELECTOR = YES;
				GCC_WARN_UNINITIALIZED_AUTOS = YES_AGGRESSIVE;
				GCC_WARN_UNUSED_FUNCTION = YES;
				GCC_WARN_UNUSED_VARIABLE = YES;
				MACOSX_DEPLOYMENT_TARGET = 10.9;
				SDKROOT = macosx;
			};
			name = Release;
		};
		C952441919BE62D2005E6DC4 /* Debug */ = {
			isa = XCBuildConfiguration;
			buildSettings = {
				GCC_VERSION = "";
				PRODUCT_NAME = "$(TARGET_NAME)";
			};
			name = Debug;
		};
		C952441A19BE62D2005E6DC4 /* Release */ = {
			isa = XCBuildConfiguration;
			buildSettings = {
				GCC_VERSION = "";
				PRODUCT_NAME = "$(TARGET_NAME)";
			};
			name = Release;
		};
/* End XCBuildConfiguration section */

/* Begin XCConfigurationList section */
		C952440A19BE62D2005E6DC4 /* Build configuration list for PBXProject "Codeforces" */ = {
			isa = XCConfigurationList;
			buildConfigurations = (
				C952441619BE62D2005E6DC4 /* Debug */,
				C952441719BE62D2005E6DC4 /* Release */,
			);
			defaultConfigurationIsVisible = 0;
			defaultConfigurationName = Release;
		};
		C952441819BE62D2005E6DC4 /* Build configuration list for PBXNativeTarget "Codeforces" */ = {
			isa = XCConfigurationList;
			buildConfigurations = (
				C952441919BE62D2005E6DC4 /* Debug */,
				C952441A19BE62D2005E6DC4 /* Release */,
			);
			defaultConfigurationIsVisible = 0;
			defaultConfigurationName = Release;
		};
/* End XCConfigurationList section */
	};
	rootObject = C952440719BE62D2005E6DC4 /* Project object */;
}
